
Microsoft Visual Studio Solution File, Format Version 12.00
# Visual Studio Version 16
VisualStudioVersion = 16.0.30309.148
MinimumVisualStudioVersion = 10.0.40219.1
Project("{FAE04EC0-301F-11D3-BF4B-00C04F79EFBC}") = "Hacknet_StartGui", "Hacknet_StartGui.csproj", "{7570CCF7-C63C-48BA-B8E8-4AA012263D0B}"
EndProject
Global
	GlobalSection(SolutionConfigurationPlatforms) = preSolution
		Debug|Any CPU = Debug|Any CPU
		Release|Any CPU = Release|Any CPU
	EndGlobalSection
	GlobalSection(ProjectConfigurationPlatforms) = postSolution
		{7570CCF7-C63C-48BA-B8E8-4AA012263D0B}.Debug|Any CPU.ActiveCfg = Debug|Any CPU
		{7570CCF7-C63C-48BA-B8E8-4AA012263D0B}.Debug|Any CPU.Build.0 = Debug|Any CPU
		{7570CCF7-C63C-48BA-B8E8-4AA012263D0B}.Release|Any CPU.ActiveCfg = Release|Any CPU
		{7570CCF7-C63C-48BA-B8E8-4AA012263D0B}.Release|Any CPU.Build.0 = Release|Any CPU
	EndGlobalSection
	GlobalSection(SolutionProperties) = preSolution
		HideSolutionNode = FALSE
	EndGlobalSection
	GlobalSection(ExtensibilityGlobals) = postSolution
		SolutionGuid = {B101C82A-463F-42E9-A4D6-3FFD83267E02}
	EndGlobalSection
EndGlobal
